
Microsoft Visual Studio Solution File, Format Version 12.00
# Visual Studio 14
VisualStudioVersion = 14.0.24720.0
MinimumVisualStudioVersion = 10.0.40219.1
Project("{FAE04EC0-301F-11D3-BF4B-00C04F79EFBC}") = "CafeExercise", "CafeExercise\CafeExercise.csproj", "{77EAE296-97D9-4929-A82D-484097832B23}"
EndProject
Project("{FAE04EC0-301F-11D3-BF4B-00C04F79EFBC}") = "CafeExerciseCode", "CafeExerciseCode\CafeExerciseCode.csproj", "{BA91E206-F0E8-4DE3-BDD3-98445C6EA008}"
EndProject
Global
	GlobalSection(SolutionConfigurationPlatforms) = preSolution
		Debug|Any CPU = Debug|Any CPU
		Release|Any CPU = Release|Any CPU
	EndGlobalSection
	GlobalSection(ProjectConfigurationPlatforms) = postSolution
		{77EAE296-97D9-4929-A82D-484097832B23}.Debug|Any CPU.ActiveCfg = Debug|Any CPU
		{77EAE296-97D9-4929-A82D-484097832B23}.Debug|Any CPU.Build.0 = Debug|Any CPU
		{77EAE296-97D9-4929-A82D-484097832B23}.Release|Any CPU.ActiveCfg = Release|Any CPU
		{77EAE296-97D9-4929-A82D-484097832B23}.Release|Any CPU.Build.0 = Release|Any CPU
		{BA91E206-F0E8-4DE3-BDD3-98445C6EA008}.Debug|Any CPU.ActiveCfg = Debug|Any CPU
		{BA91E206-F0E8-4DE3-BDD3-98445C6EA008}.Debug|Any CPU.Build.0 = Debug|Any CPU
		{BA91E206-F0E8-4DE3-BDD3-98445C6EA008}.Release|Any CPU.ActiveCfg = Release|Any CPU
		{BA91E206-F0E8-4DE3-BDD3-98445C6EA008}.Release|Any CPU.Build.0 = Release|Any CPU
	EndGlobalSection
	GlobalSection(SolutionProperties) = preSolution
		HideSolutionNode = FALSE
	EndGlobalSection
EndGlobal
